# THIS IS AN AUTOGENERATED FILE. DO NOT EDIT THIS FILE DIRECTLY.
# yarn lockfile v1


"@fortawesome/fontawesome-common-types@^0.2.14":
  version "0.2.14"
  resolved "https://registry.yarnpkg.com/@fortawesome/fontawesome-common-types/-/fontawesome-common-types-0.2.14.tgz#0eb86a77ac88e8c12c48591735283f0bf0ea5606"
  integrity sha512-LOcvERCI96KioXSIfOYN4IATv2ROJOyf72dYnpoWfOIkuyLp45oMej1kL03kYdzvktLCzYhykgHwiu6nkg9Xbw==

"@fortawesome/fontawesome-svg-core@^1.2.14":
  version "1.2.14"
  resolved "https://registry.yarnpkg.com/@fortawesome/fontawesome-svg-core/-/fontawesome-svg-core-1.2.14.tgz#48fde5fbfa223cffd5fac9c0402cfbe87605a7d0"
  integrity sha512-T1qCqkwm9PuvK53J64D1ovfrOTa1kG+SrHNj5cFst/rrskhCnbxpRdbqFIdc/thmXC0ebBX8nOUyja2/mrxe4g==
  dependencies:
    "@fortawesome/fontawesome-common-types" "^0.2.14"

"@fortawesome/free-solid-svg-icons@^5.7.1":
  version "5.7.1"
  resolved "https://registry.yarnpkg.com/@fortawesome/free-solid-svg-icons/-/free-solid-svg-icons-5.7.1.tgz#df41b8643383862a2af93456e7129e5ffc0fb7ae"
  integrity sha512-5V/Q+JoPzuiIHW2JwmZGvE9bHguvNJKa7611DPo51uIvYv9LweX/SnDF+HC23X2W5T3myHhnGi+EZJTmidAmyg==
  dependencies:
    "@fortawesome/fontawesome-common-types" "^0.2.14"

"@fortawesome/vue-fontawesome@^0.1.5":
  version "0.1.5"
  resolved "https://registry.yarnpkg.com/@fortawesome/vue-fontawesome/-/vue-fontawesome-0.1.5.tgz#ea70a4d4ad0d6d617048a5b2a2ff33e21fe47d61"
  integrity sha512-tiNZCgh+ZkUsyFfm2MQMMdHKRrKj82M7g0XFPSNNY+s5nRB82soy0US+xj0jGRy433b0c4WpylCOhgle3294Uw==
